// !$*UTF8*$!
{
	archiveVersion = 1;
	classes = {
	};
	objectVersion = 50;
	objects = {

/* Begin PBXBuildFile section */
		3B0A29912367360200A10FF4 /* AppDelegate.swift in Sources */ = {isa = PBXBuildFile; fileRef = 3B0A29902367360200A10FF4 /* AppDelegate.swift */; };
		3B0A29932367360200A10FF4 /* SceneDelegate.swift in Sources */ = {isa = PBXBuildFile; fileRef = 3B0A29922367360200A10FF4 /* SceneDelegate.swift */; };
		3B0A29952367360200A10FF4 /* ViewController.swift in Sources */ = {isa = PBXBuildFile; fileRef = 3B0A29942367360200A10FF4 /* ViewController.swift */; };
		3B0A29982367360200A10FF4 /* Main.storyboard in Resources */ = {isa = PBXBuildFile; fileRef = 3B0A29962367360200A10FF4 /* Main.storyboard */; };
		3B0A299D2367360700A10FF4 /* Assets.xcassets in Resources */ = {isa = PBXBuildFile; fileRef = 3B0A299C2367360700A10FF4 /* Assets.xcassets */; };
		3B0A29A02367360700A10FF4 /* LaunchScreen.storyboard in Resources */ = {isa = PBXBuildFile; fileRef = 3B0A299E2367360700A10FF4 /* LaunchScreen.storyboard */; };
		3B0A29AD2367625800A10FF4 /* UserData.swift in Sources */ = {isa = PBXBuildFile; fileRef = 3B0A29AC2367625800A10FF4 /* UserData.swift */; };
		3BE9BB90236A1BFC00C7CB0E /* SettingsTableViewController.swift in Sources */ = {isa = PBXBuildFile; fileRef = 3BE9BB8F236A1BFC00C7CB0E /* SettingsTableViewController.swift */; };
		3BE9BB92236A39FD00C7CB0E /* AboutViewController.swift in Sources */ = {isa = PBXBuildFile; fileRef = 3BE9BB91236A39FD00C7CB0E /* AboutViewController.swift */; };
		3BE9BB94236A3BDF00C7CB0E /* UIViewExtension.swift in Sources */ = {isa = PBXBuildFile; fileRef = 3BE9BB93236A3BDF00C7CB0E /* UIViewExtension.swift */; };
/* End PBXBuildFile section */

/* Begin PBXFileReference section */
		3B0A298D2367360200A10FF4 /* SurprizeMeTestTask.app */ = {isa = PBXFileReference; explicitFileType = wrapper.application; includeInIndex = 0; path = SurprizeMeTestTask.app; sourceTree = BUILT_PRODUCTS_DIR; };
		3B0A29902367360200A10FF4 /* AppDelegate.swift */ = {isa = PBXFileReference; lastKnownFileType = sourcecode.swift; path = AppDelegate.swift; sourceTree = "<group>"; };
		3B0A29922367360200A10FF4 /* SceneDelegate.swift */ = {isa = PBXFileReference; lastKnownFileType = sourcecode.swift; path = SceneDelegate.swift; sourceTree = "<group>"; };
		3B0A29942367360200A10FF4 /* ViewController.swift */ = {isa = PBXFileReference; lastKnownFileType = sourcecode.swift; path = ViewController.swift; sourceTree = "<group>"; };
		3B0A29972367360200A10FF4 /* Base */ = {isa = PBXFileReference; lastKnownFileType = file.storyboard; name = Base; path = Base.lproj/Main.storyboard; sourceTree = "<group>"; };
		3B0A299C2367360700A10FF4 /* Assets.xcassets */ = {isa = PBXFileReference; lastKnownFileType = folder.assetcatalog; path = Assets.xcassets; sourceTree = "<group>"; };
		3B0A299F2367360700A10FF4 /* Base */ = {isa = PBXFileReference; lastKnownFileType = file.storyboard; name = Base; path = Base.lproj/LaunchScreen.storyboard; sourceTree = "<group>"; };
		3B0A29A12367360700A10FF4 /* Info.plist */ = {isa = PBXFileReference; lastKnownFileType = text.plist.xml; path = Info.plist; sourceTree = "<group>"; };
		3B0A29AC2367625800A10FF4 /* UserData.swift */ = {isa = PBXFileReference; lastKnownFileType = sourcecode.swift; path = UserData.swift; sourceTree = "<group>"; };
		3BE9BB8F236A1BFC00C7CB0E /* SettingsTableViewController.swift */ = {isa = PBXFileReference; lastKnownFileType = sourcecode.swift; path = SettingsTableViewController.swift; sourceTree = "<group>"; };
		3BE9BB91236A39FD00C7CB0E /* AboutViewController.swift */ = {isa = PBXFileReference; lastKnownFileType = sourcecode.swift; path = AboutViewController.swift; sourceTree = "<group>"; };
		3BE9BB93236A3BDF00C7CB0E /* UIViewExtension.swift */ = {isa = PBXFileReference; lastKnownFileType = sourcecode.swift; path = UIViewExtension.swift; sourceTree = "<group>"; };
/* End PBXFileReference section */

/* Begin PBXFrameworksBuildPhase section */
		3B0A298A2367360200A10FF4 /* Frameworks */ = {
			isa = PBXFrameworksBuildPhase;
			buildActionMask = 2147483647;
			files = (
			);
			runOnlyForDeploymentPostprocessing = 0;
		};
/* End PBXFrameworksBuildPhase section */

/* Begin PBXGroup section */
		3B0A29842367360200A10FF4 = {
			isa = PBXGroup;
			children = (
				3B0A298F2367360200A10FF4 /* SurprizeMeTestTask */,
				3B0A298E2367360200A10FF4 /* Products */,
			);
			sourceTree = "<group>";
		};
		3B0A298E2367360200A10FF4 /* Products */ = {
			isa = PBXGroup;
			children = (
				3B0A298D2367360200A10FF4 /* SurprizeMeTestTask.app */,
			);
			name = Products;
			sourceTree = "<group>";
		};
		3B0A298F2367360200A10FF4 /* SurprizeMeTestTask */ = {
			isa = PBXGroup;
			children = (
				3B0A29902367360200A10FF4 /* AppDelegate.swift */,
				3B0A29922367360200A10FF4 /* SceneDelegate.swift */,
				3B0A29942367360200A10FF4 /* ViewController.swift */,
				3BE9BB8F236A1BFC00C7CB0E /* SettingsTableViewController.swift */,
				3BE9BB91236A39FD00C7CB0E /* AboutViewController.swift */,
				3B0A29A9236746B600A10FF4 /* Model */,
				3B0A29962367360200A10FF4 /* Main.storyboard */,
				3B0A299C2367360700A10FF4 /* Assets.xcassets */,
				3B0A299E2367360700A10FF4 /* LaunchScreen.storyboard */,
				3B0A29A12367360700A10FF4 /* Info.plist */,
			);
			path = SurprizeMeTestTask;
			sourceTree = "<group>";
		};
		3B0A29A9236746B600A10FF4 /* Model */ = {
			isa = PBXGroup;
			children = (
				3B0A29AC2367625800A10FF4 /* UserData.swift */,
				3BE9BB93236A3BDF00C7CB0E /* UIViewExtension.swift */,
			);
			path = Model;
			sourceTree = "<group>";
		};
/* End PBXGroup section */

/* Begin PBXNativeTarget section */
		3B0A298C2367360200A10FF4 /* SurprizeMeTestTask */ = {
			isa = PBXNativeTarget;
			buildConfigurationList = 3B0A29A42367360700A10FF4 /* Build configuration list for PBXNativeTarget "SurprizeMeTestTask" */;
			buildPhases = (
				3B0A29892367360200A10FF4 /* Sources */,
				3B0A298A2367360200A10FF4 /* Frameworks */,
				3B0A298B2367360200A10FF4 /* Resources */,
			);
			buildRules = (
			);
			dependencies = (
			);
			name = SurprizeMeTestTask;
			productName = SurprizeMeTestTask;
			productReference = 3B0A298D2367360200A10FF4 /* SurprizeMeTestTask.app */;
			productType = "com.apple.product-type.application";
		};
/* End PBXNativeTarget section */

/* Begin PBXProject section */
		3B0A29852367360200A10FF4 /* Project object */ = {
			isa = PBXProject;
			attributes = {
				LastSwiftUpdateCheck = 1100;
				LastUpgradeCheck = 1100;
				ORGANIZATIONNAME = "Ilia Ershov";
				TargetAttributes = {
					3B0A298C2367360200A10FF4 = {
						CreatedOnToolsVersion = 11.0;
					};
				};
			};
			buildConfigurationList = 3B0A29882367360200A10FF4 /* Build configuration list for PBXProject "SurprizeMeTestTask" */;
			compatibilityVersion = "Xcode 9.3";
			developmentRegion = en;
			hasScannedForEncodings = 0;
			knownRegions = (
				en,
				Base,
			);
			mainGroup = 3B0A29842367360200A10FF4;
			productRefGroup = 3B0A298E2367360200A10FF4 /* Products */;
			projectDirPath = "";
			projectRoot = "";
			targets = (
				3B0A298C2367360200A10FF4 /* SurprizeMeTestTask */,
			);
		};
/* End PBXProject section */

/* Begin PBXResourcesBuildPhase section */
		3B0A298B2367360200A10FF4 /* Resources */ = {
			isa = PBXResourcesBuildPhase;
			buildActionMask = 2147483647;
			files = (
				3B0A29A02367360700A10FF4 /* LaunchScreen.storyboard in Resources */,
				3B0A299D2367360700A10FF4 /* Assets.xcassets in Resources */,
				3B0A29982367360200A10FF4 /* Main.storyboard in Resources */,
			);
			runOnlyForDeploymentPostprocessing = 0;
		};
/* End PBXResourcesBuildPhase section */

/* Begin PBXSourcesBuildPhase section */
		3B0A29892367360200A10FF4 /* Sources */ = {
			isa = PBXSourcesBuildPhase;
			buildActionMask = 2147483647;
			files = (
				3BE9BB92236A39FD00C7CB0E /* AboutViewController.swift in Sources */,
				3B0A29952367360200A10FF4 /* ViewController.swift in Sources */,
				3B0A29912367360200A10FF4 /* AppDelegate.swift in Sources */,
				3BE9BB90236A1BFC00C7CB0E /* SettingsTableViewController.swift in Sources */,
				3BE9BB94236A3BDF00C7CB0E /* UIViewExtension.swift in Sources */,
				3B0A29AD2367625800A10FF4 /* UserData.swift in Sources */,
				3B0A29932367360200A10FF4 /* SceneDelegate.swift in Sources */,
			);
			runOnlyForDeploymentPostprocessing = 0;
		};
/* End PBXSourcesBuildPhase section */

/* Begin PBXVariantGroup section */
		3B0A29962367360200A10FF4 /* Main.storyboard */ = {
			isa = PBXVariantGroup;
			children = (
				3B0A29972367360200A10FF4 /* Base */,
			);
			name = Main.storyboard;
			sourceTree = "<group>";
		};
		3B0A299E2367360700A10FF4 /* LaunchScreen.storyboard */ = {
			isa = PBXVariantGroup;
			children = (
				3B0A299F2367360700A10FF4 /* Base */,
			);
			name = LaunchScreen.storyboard;
			sourceTree = "<group>";
		};
/* End PBXVariantGroup section */

/* Begin XCBuildConfiguration section */
		3B0A29A22367360700A10FF4 /* Debug */ = {
			isa = XCBuildConfiguration;
			buildSettings = {
				ALWAYS_SEARCH_USER_PATHS = NO;
				CLANG_ANALYZER_NONNULL = YES;
				CLANG_ANALYZER_NUMBER_OBJECT_CONVERSION = YES_AGGRESSIVE;
				CLANG_CXX_LANGUAGE_STANDARD = "gnu++14";
				CLANG_CXX_LIBRARY = "libc++";
				CLANG_ENABLE_MODULES = YES;
				CLANG_ENABLE_OBJC_ARC = YES;
				CLANG_ENABLE_OBJC_WEAK = YES;
				CLANG_WARN_BLOCK_CAPTURE_AUTORELEASING = YES;
				CLANG_WARN_BOOL_CONVERSION = YES;
				CLANG_WARN_COMMA = YES;
				CLANG_WARN_CONSTANT_CONVERSION = YES;
				CLANG_WARN_DEPRECATED_OBJC_IMPLEMENTATIONS = YES;
				CLANG_WARN_DIRECT_OBJC_ISA_USAGE = YES_ERROR;
				CLANG_WARN_DOCUMENTATION_COMMENTS = YES;
				CLANG_WARN_EMPTY_BODY = YES;
				CLANG_WARN_ENUM_CONVERSION = YES;
				CLANG_WARN_INFINITE_RECURSION = YES;
				CLANG_WARN_INT_CONVERSION = YES;
				CLANG_WARN_NON_LITERAL_NULL_CONVERSION = YES;
				CLANG_WARN_OBJC_IMPLICIT_RETAIN_SELF = YES;
				CLANG_WARN_OBJC_LITERAL_CONVERSION = YES;
				CLANG_WARN_OBJC_ROOT_CLASS = YES_ERROR;
				CLANG_WARN_RANGE_LOOP_ANALYSIS = YES;
				CLANG_WARN_STRICT_PROTOTYPES = YES;
				CLANG_WARN_SUSPICIOUS_MOVE = YES;
				CLANG_WARN_UNGUARDED_AVAILABILITY = YES_AGGRESSIVE;
				CLANG_WARN_UNREACHABLE_CODE = YES;
				CLANG_WARN__DUPLICATE_METHOD_MATCH = YES;
				COPY_PHASE_STRIP = NO;
				DEBUG_INFORMATION_FORMAT = dwarf;
				ENABLE_STRICT_OBJC_MSGSEND = YES;
				ENABLE_TESTABILITY = YES;
				GCC_C_LANGUAGE_STANDARD = gnu11;
				GCC_DYNAMIC_NO_PIC = NO;
				GCC_NO_COMMON_BLOCKS = YES;
				GCC_OPTIMIZATION_LEVEL = 0;
				GCC_PREPROCESSOR_DEFINITIONS = (
					"DEBUG=1",
					"$(inherited)",
				);
				GCC_WARN_64_TO_32_BIT_CONVERSION = YES;
				GCC_WARN_ABOUT_RETURN_TYPE = YES_ERROR;
				GCC_WARN_UNDECLARED_SELECTOR = YES;
				GCC_WARN_UNINITIALIZED_AUTOS = YES_AGGRESSIVE;
				GCC_WARN_UNUSED_FUNCTION = YES;
				GCC_WARN_UNUSED_VARIABLE = YES;
				IPHONEOS_DEPLOYMENT_TARGET = 13.0;
				MTL_ENABLE_DEBUG_INFO = INCLUDE_SOURCE;
				MTL_FAST_MATH = YES;
				ONLY_ACTIVE_ARCH = YES;
				SDKROOT = iphoneos;
				SWIFT_ACTIVE_COMPILATION_CONDITIONS = DEBUG;
				SWIFT_OPTIMIZATION_LEVEL = "-Onone";
			};
			name = Debug;
		};
		3B0A29A32367360700A10FF4 /* Release */ = {
			isa = XCBuildConfiguration;
			buildSettings = {
				ALWAYS_SEARCH_USER_PATHS = NO;
				CLANG_ANALYZER_NONNULL = YES;
				CLANG_ANALYZER_NUMBER_OBJECT_CONVERSION = YES_AGGRESSIVE;
				CLANG_CXX_LANGUAGE_STANDARD = "gnu++14";
				CLANG_CXX_LIBRARY = "libc++";
				CLANG_ENABLE_MODULES = YES;
				CLANG_ENABLE_OBJC_ARC = YES;
				CLANG_ENABLE_OBJC_WEAK = YES;
				CLANG_WARN_BLOCK_CAPTURE_AUTORELEASING = YES;
				CLANG_WARN_BOOL_CONVERSION = YES;
				CLANG_WARN_COMMA = YES;
				CLANG_WARN_CONSTANT_CONVERSION = YES;
				CLANG_WARN_DEPRECATED_OBJC_IMPLEMENTATIONS = YES;
				CLANG_WARN_DIRECT_OBJC_ISA_USAGE = YES_ERROR;
				CLANG_WARN_DOCUMENTATION_COMMENTS = YES;
				CLANG_WARN_EMPTY_BODY = YES;
				CLANG_WARN_ENUM_CONVERSION = YES;
				CLANG_WARN_INFINITE_RECURSION = YES;
				CLANG_WARN_INT_CONVERSION = YES;
				CLANG_WARN_NON_LITERAL_NULL_CONVERSION = YES;
				CLANG_WARN_OBJC_IMPLICIT_RETAIN_SELF = YES;
				CLANG_WARN_OBJC_LITERAL_CONVERSION = YES;
				CLANG_WARN_OBJC_ROOT_CLASS = YES_ERROR;
				CLANG_WARN_RANGE_LOOP_ANALYSIS = YES;
				CLANG_WARN_STRICT_PROTOTYPES = YES;
				CLANG_WARN_SUSPICIOUS_MOVE = YES;
				CLANG_WARN_UNGUARDED_AVAILABILITY = YES_AGGRESSIVE;
				CLANG_WARN_UNREACHABLE_CODE = YES;
				CLANG_WARN__DUPLICATE_METHOD_MATCH = YES;
				COPY_PHASE_STRIP = NO;
				DEBUG_INFORMATION_FORMAT = "dwarf-with-dsym";
				ENABLE_NS_ASSERTIONS = NO;
				ENABLE_STRICT_OBJC_MSGSEND = YES;
				GCC_C_LANGUAGE_STANDARD = gnu11;
				GCC_NO_COMMON_BLOCKS = YES;
				GCC_WARN_64_TO_32_BIT_CONVERSION = YES;
				GCC_WARN_ABOUT_RETURN_TYPE = YES_ERROR;
				GCC_WARN_UNDECLARED_SELECTOR = YES;
				GCC_WARN_UNINITIALIZED_AUTOS = YES_AGGRESSIVE;
				GCC_WARN_UNUSED_FUNCTION = YES;
				GCC_WARN_UNUSED_VARIABLE = YES;
				IPHONEOS_DEPLOYMENT_TARGET = 13.0;
				MTL_ENABLE_DEBUG_INFO = NO;
				MTL_FAST_MATH = YES;
				SDKROOT = iphoneos;
				SWIFT_COMPILATION_MODE = wholemodule;
				SWIFT_OPTIMIZATION_LEVEL = "-O";
				VALIDATE_PRODUCT = YES;
			};
			name = Release;
		};
		3B0A29A52367360700A10FF4 /* Debug */ = {
			isa = XCBuildConfiguration;
			buildSettings = {
				ASSETCATALOG_COMPILER_APPICON_NAME = AppIcon;
				CODE_SIGN_STYLE = Automatic;
				DEVELOPMENT_TEAM = XHGFK98S7U;
				INFOPLIST_FILE = SurprizeMeTestTask/Info.plist;
				LD_RUNPATH_SEARCH_PATHS = (
					"$(inherited)",
					"@executable_path/Frameworks",
				);
				PRODUCT_BUNDLE_IDENTIFIER = MacBook.SurprizeMeTestTask;
				PRODUCT_NAME = "$(TARGET_NAME)";
				SWIFT_VERSION = 5.0;
				TARGETED_DEVICE_FAMILY = 1;
			};
			name = Debug;
		};
		3B0A29A62367360700A10FF4 /* Release */ = {
			isa = XCBuildConfiguration;
			buildSettings = {
				ASSETCATALOG_COMPILER_APPICON_NAME = AppIcon;
				CODE_SIGN_STYLE = Automatic;
				DEVELOPMENT_TEAM = XHGFK98S7U;
				INFOPLIST_FILE = SurprizeMeTestTask/Info.plist;
				LD_RUNPATH_SEARCH_PATHS = (
					"$(inherited)",
					"@executable_path/Frameworks",
				);
				PRODUCT_BUNDLE_IDENTIFIER = MacBook.SurprizeMeTestTask;
				PRODUCT_NAME = "$(TARGET_NAME)";
				SWIFT_VERSION = 5.0;
				TARGETED_DEVICE_FAMILY = 1;
			};
			name = Release;
		};
/* End XCBuildConfiguration section */

/* Begin XCConfigurationList section */
		3B0A29882367360200A10FF4 /* Build configuration list for PBXProject "SurprizeMeTestTask" */ = {
			isa = XCConfigurationList;
			buildConfigurations = (
				3B0A29A22367360700A10FF4 /* Debug */,
				3B0A29A32367360700A10FF4 /* Release */,
			);
			defaultConfigurationIsVisible = 0;
			defaultConfigurationName = Release;
		};
		3B0A29A42367360700A10FF4 /* Build configuration list for PBXNativeTarget "SurprizeMeTestTask" */ = {
			isa = XCConfigurationList;
			buildConfigurations = (
				3B0A29A52367360700A10FF4 /* Debug */,
				3B0A29A62367360700A10FF4 /* Release */,
			);
			defaultConfigurationIsVisible = 0;
			defaultConfigurationName = Release;
		};
/* End XCConfigurationList section */
	};
	rootObject = 3B0A29852367360200A10FF4 /* Project object */;
}
